
Microsoft Visual Studio Solution File, Format Version 12.00
# Visual Studio 2013
VisualStudioVersion = 12.0.21005.1
MinimumVisualStudioVersion = 10.0.40219.1
Project("{FAE04EC0-301F-11D3-BF4B-00C04F79EFBC}") = "LongArithmetic", "LongArithmetic\LongArithmetic.csproj", "{CC5C426F-5034-4CFE-AAE1-F0535BB6D8C5}"
EndProject
Project("{FAE04EC0-301F-11D3-BF4B-00C04F79EFBC}") = "LongArithmeticTests", "LongArithmeticTests\LongArithmeticTests.csproj", "{7F18BD9C-5848-4758-BA8B-B34B2899BC77}"
EndProject
Global
	GlobalSection(SolutionConfigurationPlatforms) = preSolution
		Debug|Any CPU = Debug|Any CPU
		Release|Any CPU = Release|Any CPU
	EndGlobalSection
	GlobalSection(ProjectConfigurationPlatforms) = postSolution
		{CC5C426F-5034-4CFE-AAE1-F0535BB6D8C5}.Debug|Any CPU.ActiveCfg = Debug|Any CPU
		{CC5C426F-5034-4CFE-AAE1-F0535BB6D8C5}.Debug|Any CPU.Build.0 = Debug|Any CPU
		{CC5C426F-5034-4CFE-AAE1-F0535BB6D8C5}.Release|Any CPU.ActiveCfg = Release|Any CPU
		{CC5C426F-5034-4CFE-AAE1-F0535BB6D8C5}.Release|Any CPU.Build.0 = Release|Any CPU
		{7F18BD9C-5848-4758-BA8B-B34B2899BC77}.Debug|Any CPU.ActiveCfg = Debug|Any CPU
		{7F18BD9C-5848-4758-BA8B-B34B2899BC77}.Debug|Any CPU.Build.0 = Debug|Any CPU
		{7F18BD9C-5848-4758-BA8B-B34B2899BC77}.Release|Any CPU.ActiveCfg = Release|Any CPU
		{7F18BD9C-5848-4758-BA8B-B34B2899BC77}.Release|Any CPU.Build.0 = Release|Any CPU
	EndGlobalSection
	GlobalSection(SolutionProperties) = preSolution
		HideSolutionNode = FALSE
	EndGlobalSection
EndGlobal
